
Microsoft Visual Studio Solution File, Format Version 12.00
# Visual Studio Version 16
VisualStudioVersion = 16.0.31112.23
MinimumVisualStudioVersion = 10.0.40219.1
Project("{9A19103F-16F7-4668-BE54-9A1E7A4F7556}") = "PF.WebApi.WebApi", "PF.WebApi.WebApi\PF.WebApi.WebApi.csproj", "{ECA5B19F-EABA-4271-9254-AD3B7CB9C6B8}"
EndProject
Project("{2150E333-8FDC-42A3-9474-1A3956D46DE8}") = "WebApi", "WebApi", "{5ECE176D-5C2A-4C72-BDC0-59AB350A4FC1}"
EndProject
Project("{9A19103F-16F7-4668-BE54-9A1E7A4F7556}") = "PF.WebApi.BLL", "PF.WebApi.BLL\PF.WebApi.BLL.csproj", "{FAEC3A05-3D51-4708-BE54-42C5A113F381}"
EndProject
Project("{9A19103F-16F7-4668-BE54-9A1E7A4F7556}") = "PF.WebApi.DAL", "PF.WebApi.DAL\PF.WebApi.DAL.csproj", "{2228B1DE-AEFE-4587-93B7-F105A783FA13}"
EndProject
Project("{2150E333-8FDC-42A3-9474-1A3956D46DE8}") = "Mobile", "Mobile", "{95417E7B-A01F-44E4-96F5-4860B858B987}"
EndProject
Project("{FAE04EC0-301F-11D3-BF4B-00C04F79EFBC}") = "PF.Mobile.App.Android", "PF.Mobile.App\PF.Mobile.App.Android\PF.Mobile.App.Android.csproj", "{24AB5F31-C1C0-4255-A1C0-F9C9D130A34B}"
EndProject
Project("{FAE04EC0-301F-11D3-BF4B-00C04F79EFBC}") = "PF.Mobile.App.iOS", "PF.Mobile.App\PF.Mobile.App.iOS\PF.Mobile.App.iOS.csproj", "{2F4BC5BA-693D-4400-9B59-DC77FFBB0472}"
EndProject
Project("{9A19103F-16F7-4668-BE54-9A1E7A4F7556}") = "PF.Mobile.App", "PF.Mobile.App\PF.Mobile.App\PF.Mobile.App.csproj", "{691393E4-7C9E-41CD-BBB9-152C648921E8}"
EndProject
Project("{2150E333-8FDC-42A3-9474-1A3956D46DE8}") = "Shared", "Shared", "{7AE9E8A3-36D1-4F9B-8AD4-ECF2CE5C4C0F}"
EndProject
Project("{9A19103F-16F7-4668-BE54-9A1E7A4F7556}") = "PF.WebApi.Infrastructure", "PF.WebApi.Infrastructure\PF.WebApi.Infrastructure.csproj", "{217C3F22-A04F-453E-BB27-1162CA0AE062}"
EndProject
Project("{9A19103F-16F7-4668-BE54-9A1E7A4F7556}") = "PF.WebApi.Entities", "PF.WebApi.Entities\PF.WebApi.Entities.csproj", "{A223D2DE-CDF2-4781-A4D1-CE4761979EBA}"
EndProject
Project("{9A19103F-16F7-4668-BE54-9A1E7A4F7556}") = "PF.DTO", "PF.DTO\PF.DTO.csproj", "{F7B1BDE4-D61A-40AA-B376-5700CDC6B70A}"
EndProject
Project("{9A19103F-16F7-4668-BE54-9A1E7A4F7556}") = "PF.Common", "PF.Common\PF.Common.csproj", "{07C37F8B-E9E3-4A0E-813B-1C70670D6D4F}"
EndProject
Project("{9A19103F-16F7-4668-BE54-9A1E7A4F7556}") = "NIdenticon", "NIdenticon\NIdenticon.csproj", "{8CFF9972-1F7E-4338-A340-97D354AB87ED}"
EndProject
Project("{2150E333-8FDC-42A3-9474-1A3956D46DE8}") = "App", "App", "{D22D6ECA-05CE-4B83-B5F0-566D2187178B}"
EndProject
Project("{FAE04EC0-301F-11D3-BF4B-00C04F79EFBC}") = "PF.App.Android", "PF.App\PF.App.Android\PF.App.Android.csproj", "{546D62B1-C294-4BB8-84EC-7A8F04AF740F}"
EndProject
Project("{FAE04EC0-301F-11D3-BF4B-00C04F79EFBC}") = "PF.App.iOS", "PF.App\PF.App.iOS\PF.App.iOS.csproj", "{7558A726-9AF2-4CD2-8440-2FE06B1CC6F2}"
EndProject
Project("{FAE04EC0-301F-11D3-BF4B-00C04F79EFBC}") = "PF.App.XamForms", "PF.App\PF.App\PF.App.XamForms.csproj", "{FDDA3175-CE41-4D48-BE61-9B9C3FA3ECC0}"
EndProject
Project("{FAE04EC0-301F-11D3-BF4B-00C04F79EFBC}") = "PF.App.Core", "PF.App.Core\PF.App.Core.csproj", "{BB47572E-A08B-4029-B78C-6B48BE4F364C}"
EndProject
Global
	GlobalSection(SolutionConfigurationPlatforms) = preSolution
		Debug noth|Any CPU = Debug noth|Any CPU
		Debug noth|iPhone = Debug noth|iPhone
		Debug noth|iPhoneSimulator = Debug noth|iPhoneSimulator
		Debug|Any CPU = Debug|Any CPU
		Debug|iPhone = Debug|iPhone
		Debug|iPhoneSimulator = Debug|iPhoneSimulator
		Release|Any CPU = Release|Any CPU
		Release|iPhone = Release|iPhone
		Release|iPhoneSimulator = Release|iPhoneSimulator
	EndGlobalSection
	GlobalSection(ProjectConfigurationPlatforms) = postSolution
		{ECA5B19F-EABA-4271-9254-AD3B7CB9C6B8}.Debug noth|Any CPU.ActiveCfg = Debug noth|Any CPU
		{ECA5B19F-EABA-4271-9254-AD3B7CB9C6B8}.Debug noth|Any CPU.Build.0 = Debug noth|Any CPU
		{ECA5B19F-EABA-4271-9254-AD3B7CB9C6B8}.Debug noth|iPhone.ActiveCfg = Debug noth|Any CPU
		{ECA5B19F-EABA-4271-9254-AD3B7CB9C6B8}.Debug noth|iPhone.Build.0 = Debug noth|Any CPU
		{ECA5B19F-EABA-4271-9254-AD3B7CB9C6B8}.Debug noth|iPhoneSimulator.ActiveCfg = Debug noth|Any CPU
		{ECA5B19F-EABA-4271-9254-AD3B7CB9C6B8}.Debug noth|iPhoneSimulator.Build.0 = Debug noth|Any CPU
		{ECA5B19F-EABA-4271-9254-AD3B7CB9C6B8}.Debug|Any CPU.ActiveCfg = Debug|Any CPU
		{ECA5B19F-EABA-4271-9254-AD3B7CB9C6B8}.Debug|Any CPU.Build.0 = Debug|Any CPU
		{ECA5B19F-EABA-4271-9254-AD3B7CB9C6B8}.Debug|iPhone.ActiveCfg = Debug|Any CPU
		{ECA5B19F-EABA-4271-9254-AD3B7CB9C6B8}.Debug|iPhone.Build.0 = Debug|Any CPU
		{ECA5B19F-EABA-4271-9254-AD3B7CB9C6B8}.Debug|iPhoneSimulator.ActiveCfg = Debug|Any CPU
		{ECA5B19F-EABA-4271-9254-AD3B7CB9C6B8}.Debug|iPhoneSimulator.Build.0 = Debug|Any CPU
		{ECA5B19F-EABA-4271-9254-AD3B7CB9C6B8}.Release|Any CPU.ActiveCfg = Release|Any CPU
		{ECA5B19F-EABA-4271-9254-AD3B7CB9C6B8}.Release|Any CPU.Build.0 = Release|Any CPU
		{ECA5B19F-EABA-4271-9254-AD3B7CB9C6B8}.Release|iPhone.ActiveCfg = Release|Any CPU
		{ECA5B19F-EABA-4271-9254-AD3B7CB9C6B8}.Release|iPhone.Build.0 = Release|Any CPU
		{ECA5B19F-EABA-4271-9254-AD3B7CB9C6B8}.Release|iPhoneSimulator.ActiveCfg = Release|Any CPU
		{ECA5B19F-EABA-4271-9254-AD3B7CB9C6B8}.Release|iPhoneSimulator.Build.0 = Release|Any CPU
		{FAEC3A05-3D51-4708-BE54-42C5A113F381}.Debug noth|Any CPU.ActiveCfg = Debug noth|Any CPU
		{FAEC3A05-3D51-4708-BE54-42C5A113F381}.Debug noth|Any CPU.Build.0 = Debug noth|Any CPU
		{FAEC3A05-3D51-4708-BE54-42C5A113F381}.Debug noth|iPhone.ActiveCfg = Debug noth|Any CPU
		{FAEC3A05-3D51-4708-BE54-42C5A113F381}.Debug noth|iPhone.Build.0 = Debug noth|Any CPU
		{FAEC3A05-3D51-4708-BE54-42C5A113F381}.Debug noth|iPhoneSimulator.ActiveCfg = Debug noth|Any CPU
		{FAEC3A05-3D51-4708-BE54-42C5A113F381}.Debug noth|iPhoneSimulator.Build.0 = Debug noth|Any CPU
		{FAEC3A05-3D51-4708-BE54-42C5A113F381}.Debug|Any CPU.ActiveCfg = Debug|Any CPU
		{FAEC3A05-3D51-4708-BE54-42C5A113F381}.Debug|Any CPU.Build.0 = Debug|Any CPU
		{FAEC3A05-3D51-4708-BE54-42C5A113F381}.Debug|iPhone.ActiveCfg = Debug|Any CPU
		{FAEC3A05-3D51-4708-BE54-42C5A113F381}.Debug|iPhone.Build.0 = Debug|Any CPU
		{FAEC3A05-3D51-4708-BE54-42C5A113F381}.Debug|iPhoneSimulator.ActiveCfg = Debug|Any CPU
		{FAEC3A05-3D51-4708-BE54-42C5A113F381}.Debug|iPhoneSimulator.Build.0 = Debug|Any CPU
		{FAEC3A05-3D51-4708-BE54-42C5A113F381}.Release|Any CPU.ActiveCfg = Release|Any CPU
		{FAEC3A05-3D51-4708-BE54-42C5A113F381}.Release|Any CPU.Build.0 = Release|Any CPU
		{FAEC3A05-3D51-4708-BE54-42C5A113F381}.Release|iPhone.ActiveCfg = Release|Any CPU
		{FAEC3A05-3D51-4708-BE54-42C5A113F381}.Release|iPhone.Build.0 = Release|Any CPU
		{FAEC3A05-3D51-4708-BE54-42C5A113F381}.Release|iPhoneSimulator.ActiveCfg = Release|Any CPU
		{FAEC3A05-3D51-4708-BE54-42C5A113F381}.Release|iPhoneSimulator.Build.0 = Release|Any CPU
		{2228B1DE-AEFE-4587-93B7-F105A783FA13}.Debug noth|Any CPU.ActiveCfg = Debug noth|Any CPU
		{2228B1DE-AEFE-4587-93B7-F105A783FA13}.Debug noth|Any CPU.Build.0 = Debug noth|Any CPU
		{2228B1DE-AEFE-4587-93B7-F105A783FA13}.Debug noth|iPhone.ActiveCfg = Debug noth|Any CPU
		{2228B1DE-AEFE-4587-93B7-F105A783FA13}.Debug noth|iPhone.Build.0 = Debug noth|Any CPU
		{2228B1DE-AEFE-4587-93B7-F105A783FA13}.Debug noth|iPhoneSimulator.ActiveCfg = Debug noth|Any CPU
		{2228B1DE-AEFE-4587-93B7-F105A783FA13}.Debug noth|iPhoneSimulator.Build.0 = Debug noth|Any CPU
		{2228B1DE-AEFE-4587-93B7-F105A783FA13}.Debug|Any CPU.ActiveCfg = Debug|Any CPU
		{2228B1DE-AEFE-4587-93B7-F105A783FA13}.Debug|Any CPU.Build.0 = Debug|Any CPU
		{2228B1DE-AEFE-4587-93B7-F105A783FA13}.Debug|iPhone.ActiveCfg = Debug|Any CPU
		{2228B1DE-AEFE-4587-93B7-F105A783FA13}.Debug|iPhone.Build.0 = Debug|Any CPU
		{2228B1DE-AEFE-4587-93B7-F105A783FA13}.Debug|iPhoneSimulator.ActiveCfg = Debug|Any CPU
		{2228B1DE-AEFE-4587-93B7-F105A783FA13}.Debug|iPhoneSimulator.Build.0 = Debug|Any CPU
		{2228B1DE-AEFE-4587-93B7-F105A783FA13}.Release|Any CPU.ActiveCfg = Release|Any CPU
		{2228B1DE-AEFE-4587-93B7-F105A783FA13}.Release|Any CPU.Build.0 = Release|Any CPU
		{2228B1DE-AEFE-4587-93B7-F105A783FA13}.Release|iPhone.ActiveCfg = Release|Any CPU
		{2228B1DE-AEFE-4587-93B7-F105A783FA13}.Release|iPhone.Build.0 = Release|Any CPU
		{2228B1DE-AEFE-4587-93B7-F105A783FA13}.Release|iPhoneSimulator.ActiveCfg = Release|Any CPU
		{2228B1DE-AEFE-4587-93B7-F105A783FA13}.Release|iPhoneSimulator.Build.0 = Release|Any CPU
		{24AB5F31-C1C0-4255-A1C0-F9C9D130A34B}.Debug noth|Any CPU.ActiveCfg = Debug noth|Any CPU
		{24AB5F31-C1C0-4255-A1C0-F9C9D130A34B}.Debug noth|Any CPU.Build.0 = Debug noth|Any CPU
		{24AB5F31-C1C0-4255-A1C0-F9C9D130A34B}.Debug noth|Any CPU.Deploy.0 = Debug noth|Any CPU
		{24AB5F31-C1C0-4255-A1C0-F9C9D130A34B}.Debug noth|iPhone.ActiveCfg = Debug noth|Any CPU
		{24AB5F31-C1C0-4255-A1C0-F9C9D130A34B}.Debug noth|iPhone.Build.0 = Debug noth|Any CPU
		{24AB5F31-C1C0-4255-A1C0-F9C9D130A34B}.Debug noth|iPhone.Deploy.0 = Debug noth|Any CPU
		{24AB5F31-C1C0-4255-A1C0-F9C9D130A34B}.Debug noth|iPhoneSimulator.ActiveCfg = Debug noth|Any CPU
		{24AB5F31-C1C0-4255-A1C0-F9C9D130A34B}.Debug noth|iPhoneSimulator.Build.0 = Debug noth|Any CPU
		{24AB5F31-C1C0-4255-A1C0-F9C9D130A34B}.Debug noth|iPhoneSimulator.Deploy.0 = Debug noth|Any CPU
		{24AB5F31-C1C0-4255-A1C0-F9C9D130A34B}.Debug|Any CPU.ActiveCfg = Debug|Any CPU
		{24AB5F31-C1C0-4255-A1C0-F9C9D130A34B}.Debug|Any CPU.Build.0 = Debug|Any CPU
		{24AB5F31-C1C0-4255-A1C0-F9C9D130A34B}.Debug|Any CPU.Deploy.0 = Debug|Any CPU
		{24AB5F31-C1C0-4255-A1C0-F9C9D130A34B}.Debug|iPhone.ActiveCfg = Debug|Any CPU
		{24AB5F31-C1C0-4255-A1C0-F9C9D130A34B}.Debug|iPhone.Build.0 = Debug|Any CPU
		{24AB5F31-C1C0-4255-A1C0-F9C9D130A34B}.Debug|iPhone.Deploy.0 = Debug|Any CPU
		{24AB5F31-C1C0-4255-A1C0-F9C9D130A34B}.Debug|iPhoneSimulator.ActiveCfg = Debug|Any CPU
		{24AB5F31-C1C0-4255-A1C0-F9C9D130A34B}.Debug|iPhoneSimulator.Build.0 = Debug|Any CPU
		{24AB5F31-C1C0-4255-A1C0-F9C9D130A34B}.Debug|iPhoneSimulator.Deploy.0 = Debug|Any CPU
		{24AB5F31-C1C0-4255-A1C0-F9C9D130A34B}.Release|Any CPU.ActiveCfg = Release|Any CPU
		{24AB5F31-C1C0-4255-A1C0-F9C9D130A34B}.Release|Any CPU.Build.0 = Release|Any CPU
		{24AB5F31-C1C0-4255-A1C0-F9C9D130A34B}.Release|Any CPU.Deploy.0 = Release|Any CPU
		{24AB5F31-C1C0-4255-A1C0-F9C9D130A34B}.Release|iPhone.ActiveCfg = Release|Any CPU
		{24AB5F31-C1C0-4255-A1C0-F9C9D130A34B}.Release|iPhone.Build.0 = Release|Any CPU
		{24AB5F31-C1C0-4255-A1C0-F9C9D130A34B}.Release|iPhone.Deploy.0 = Release|Any CPU
		{24AB5F31-C1C0-4255-A1C0-F9C9D130A34B}.Release|iPhoneSimulator.ActiveCfg = Release|Any CPU
		{24AB5F31-C1C0-4255-A1C0-F9C9D130A34B}.Release|iPhoneSimulator.Build.0 = Release|Any CPU
		{24AB5F31-C1C0-4255-A1C0-F9C9D130A34B}.Release|iPhoneSimulator.Deploy.0 = Release|Any CPU
		{2F4BC5BA-693D-4400-9B59-DC77FFBB0472}.Debug noth|Any CPU.ActiveCfg = Debug noth|iPhoneSimulator
		{2F4BC5BA-693D-4400-9B59-DC77FFBB0472}.Debug noth|iPhone.ActiveCfg = Debug noth|iPhone
		{2F4BC5BA-693D-4400-9B59-DC77FFBB0472}.Debug noth|iPhoneSimulator.ActiveCfg = Debug noth|iPhoneSimulator
		{2F4BC5BA-693D-4400-9B59-DC77FFBB0472}.Debug|Any CPU.ActiveCfg = Debug|iPhoneSimulator
		{2F4BC5BA-693D-4400-9B59-DC77FFBB0472}.Debug|iPhone.ActiveCfg = Debug|iPhone
		{2F4BC5BA-693D-4400-9B59-DC77FFBB0472}.Debug|iPhone.Build.0 = Debug|iPhone
		{2F4BC5BA-693D-4400-9B59-DC77FFBB0472}.Debug|iPhone.Deploy.0 = Debug|iPhone
		{2F4BC5BA-693D-4400-9B59-DC77FFBB0472}.Debug|iPhoneSimulator.ActiveCfg = Debug|iPhoneSimulator
		{2F4BC5BA-693D-4400-9B59-DC77FFBB0472}.Debug|iPhoneSimulator.Build.0 = Debug|iPhoneSimulator
		{2F4BC5BA-693D-4400-9B59-DC77FFBB0472}.Release|Any CPU.ActiveCfg = Release|iPhoneSimulator
		{2F4BC5BA-693D-4400-9B59-DC77FFBB0472}.Release|iPhone.ActiveCfg = Release|iPhone
		{2F4BC5BA-693D-4400-9B59-DC77FFBB0472}.Release|iPhone.Build.0 = Release|iPhone
		{2F4BC5BA-693D-4400-9B59-DC77FFBB0472}.Release|iPhoneSimulator.ActiveCfg = Release|iPhoneSimulator
		{2F4BC5BA-693D-4400-9B59-DC77FFBB0472}.Release|iPhoneSimulator.Build.0 = Release|iPhoneSimulator
		{691393E4-7C9E-41CD-BBB9-152C648921E8}.Debug noth|Any CPU.ActiveCfg = Debug noth|Any CPU
		{691393E4-7C9E-41CD-BBB9-152C648921E8}.Debug noth|Any CPU.Build.0 = Debug noth|Any CPU
		{691393E4-7C9E-41CD-BBB9-152C648921E8}.Debug noth|iPhone.ActiveCfg = Debug noth|Any CPU
		{691393E4-7C9E-41CD-BBB9-152C648921E8}.Debug noth|iPhone.Build.0 = Debug noth|Any CPU
		{691393E4-7C9E-41CD-BBB9-152C648921E8}.Debug noth|iPhoneSimulator.ActiveCfg = Debug noth|Any CPU
		{691393E4-7C9E-41CD-BBB9-152C648921E8}.Debug noth|iPhoneSimulator.Build.0 = Debug noth|Any CPU
		{691393E4-7C9E-41CD-BBB9-152C648921E8}.Debug|Any CPU.ActiveCfg = Debug|Any CPU
		{691393E4-7C9E-41CD-BBB9-152C648921E8}.Debug|Any CPU.Build.0 = Debug|Any CPU
		{691393E4-7C9E-41CD-BBB9-152C648921E8}.Debug|iPhone.ActiveCfg = Debug|Any CPU
		{691393E4-7C9E-41CD-BBB9-152C648921E8}.Debug|iPhone.Build.0 = Debug|Any CPU
		{691393E4-7C9E-41CD-BBB9-152C648921E8}.Debug|iPhoneSimulator.ActiveCfg = Debug|Any CPU
		{691393E4-7C9E-41CD-BBB9-152C648921E8}.Debug|iPhoneSimulator.Build.0 = Debug|Any CPU
		{691393E4-7C9E-41CD-BBB9-152C648921E8}.Release|Any CPU.ActiveCfg = Release|Any CPU
		{691393E4-7C9E-41CD-BBB9-152C648921E8}.Release|Any CPU.Build.0 = Release|Any CPU
		{691393E4-7C9E-41CD-BBB9-152C648921E8}.Release|iPhone.ActiveCfg = Release|Any CPU
		{691393E4-7C9E-41CD-BBB9-152C648921E8}.Release|iPhone.Build.0 = Release|Any CPU
		{691393E4-7C9E-41CD-BBB9-152C648921E8}.Release|iPhoneSimulator.ActiveCfg = Release|Any CPU
		{691393E4-7C9E-41CD-BBB9-152C648921E8}.Release|iPhoneSimulator.Build.0 = Release|Any CPU
		{217C3F22-A04F-453E-BB27-1162CA0AE062}.Debug noth|Any CPU.ActiveCfg = Debug noth|Any CPU
		{217C3F22-A04F-453E-BB27-1162CA0AE062}.Debug noth|Any CPU.Build.0 = Debug noth|Any CPU
		{217C3F22-A04F-453E-BB27-1162CA0AE062}.Debug noth|iPhone.ActiveCfg = Debug noth|Any CPU
		{217C3F22-A04F-453E-BB27-1162CA0AE062}.Debug noth|iPhone.Build.0 = Debug noth|Any CPU
		{217C3F22-A04F-453E-BB27-1162CA0AE062}.Debug noth|iPhoneSimulator.ActiveCfg = Debug noth|Any CPU
		{217C3F22-A04F-453E-BB27-1162CA0AE062}.Debug noth|iPhoneSimulator.Build.0 = Debug noth|Any CPU
		{217C3F22-A04F-453E-BB27-1162CA0AE062}.Debug|Any CPU.ActiveCfg = Debug|Any CPU
		{217C3F22-A04F-453E-BB27-1162CA0AE062}.Debug|Any CPU.Build.0 = Debug|Any CPU
		{217C3F22-A04F-453E-BB27-1162CA0AE062}.Debug|iPhone.ActiveCfg = Debug|Any CPU
		{217C3F22-A04F-453E-BB27-1162CA0AE062}.Debug|iPhone.Build.0 = Debug|Any CPU
		{217C3F22-A04F-453E-BB27-1162CA0AE062}.Debug|iPhoneSimulator.ActiveCfg = Debug|Any CPU
		{217C3F22-A04F-453E-BB27-1162CA0AE062}.Debug|iPhoneSimulator.Build.0 = Debug|Any CPU
		{217C3F22-A04F-453E-BB27-1162CA0AE062}.Release|Any CPU.ActiveCfg = Release|Any CPU
		{217C3F22-A04F-453E-BB27-1162CA0AE062}.Release|Any CPU.Build.0 = Release|Any CPU
		{217C3F22-A04F-453E-BB27-1162CA0AE062}.Release|iPhone.ActiveCfg = Release|Any CPU
		{217C3F22-A04F-453E-BB27-1162CA0AE062}.Release|iPhone.Build.0 = Release|Any CPU
		{217C3F22-A04F-453E-BB27-1162CA0AE062}.Release|iPhoneSimulator.ActiveCfg = Release|Any CPU
		{217C3F22-A04F-453E-BB27-1162CA0AE062}.Release|iPhoneSimulator.Build.0 = Release|Any CPU
		{A223D2DE-CDF2-4781-A4D1-CE4761979EBA}.Debug noth|Any CPU.ActiveCfg = Debug noth|Any CPU
		{A223D2DE-CDF2-4781-A4D1-CE4761979EBA}.Debug noth|Any CPU.Build.0 = Debug noth|Any CPU
		{A223D2DE-CDF2-4781-A4D1-CE4761979EBA}.Debug noth|iPhone.ActiveCfg = Debug noth|Any CPU
		{A223D2DE-CDF2-4781-A4D1-CE4761979EBA}.Debug noth|iPhone.Build.0 = Debug noth|Any CPU
		{A223D2DE-CDF2-4781-A4D1-CE4761979EBA}.Debug noth|iPhoneSimulator.ActiveCfg = Debug noth|Any CPU
		{A223D2DE-CDF2-4781-A4D1-CE4761979EBA}.Debug noth|iPhoneSimulator.Build.0 = Debug noth|Any CPU
		{A223D2DE-CDF2-4781-A4D1-CE4761979EBA}.Debug|Any CPU.ActiveCfg = Debug|Any CPU
		{A223D2DE-CDF2-4781-A4D1-CE4761979EBA}.Debug|Any CPU.Build.0 = Debug|Any CPU
		{A223D2DE-CDF2-4781-A4D1-CE4761979EBA}.Debug|iPhone.ActiveCfg = Debug|Any CPU
		{A223D2DE-CDF2-4781-A4D1-CE4761979EBA}.Debug|iPhone.Build.0 = Debug|Any CPU
		{A223D2DE-CDF2-4781-A4D1-CE4761979EBA}.Debug|iPhoneSimulator.ActiveCfg = Debug|Any CPU
		{A223D2DE-CDF2-4781-A4D1-CE4761979EBA}.Debug|iPhoneSimulator.Build.0 = Debug|Any CPU
		{A223D2DE-CDF2-4781-A4D1-CE4761979EBA}.Release|Any CPU.ActiveCfg = Release|Any CPU
		{A223D2DE-CDF2-4781-A4D1-CE4761979EBA}.Release|Any CPU.Build.0 = Release|Any CPU
		{A223D2DE-CDF2-4781-A4D1-CE4761979EBA}.Release|iPhone.ActiveCfg = Release|Any CPU
		{A223D2DE-CDF2-4781-A4D1-CE4761979EBA}.Release|iPhone.Build.0 = Release|Any CPU
		{A223D2DE-CDF2-4781-A4D1-CE4761979EBA}.Release|iPhoneSimulator.ActiveCfg = Release|Any CPU
		{A223D2DE-CDF2-4781-A4D1-CE4761979EBA}.Release|iPhoneSimulator.Build.0 = Release|Any CPU
		{F7B1BDE4-D61A-40AA-B376-5700CDC6B70A}.Debug noth|Any CPU.ActiveCfg = Debug noth|Any CPU
		{F7B1BDE4-D61A-40AA-B376-5700CDC6B70A}.Debug noth|Any CPU.Build.0 = Debug noth|Any CPU
		{F7B1BDE4-D61A-40AA-B376-5700CDC6B70A}.Debug noth|iPhone.ActiveCfg = Debug noth|Any CPU
		{F7B1BDE4-D61A-40AA-B376-5700CDC6B70A}.Debug noth|iPhone.Build.0 = Debug noth|Any CPU
		{F7B1BDE4-D61A-40AA-B376-5700CDC6B70A}.Debug noth|iPhoneSimulator.ActiveCfg = Debug noth|Any CPU
		{F7B1BDE4-D61A-40AA-B376-5700CDC6B70A}.Debug noth|iPhoneSimulator.Build.0 = Debug noth|Any CPU
		{F7B1BDE4-D61A-40AA-B376-5700CDC6B70A}.Debug|Any CPU.ActiveCfg = Debug|Any CPU
		{F7B1BDE4-D61A-40AA-B376-5700CDC6B70A}.Debug|Any CPU.Build.0 = Debug|Any CPU
		{F7B1BDE4-D61A-40AA-B376-5700CDC6B70A}.Debug|iPhone.ActiveCfg = Debug|Any CPU
		{F7B1BDE4-D61A-40AA-B376-5700CDC6B70A}.Debug|iPhone.Build.0 = Debug|Any CPU
		{F7B1BDE4-D61A-40AA-B376-5700CDC6B70A}.Debug|iPhoneSimulator.ActiveCfg = Debug|Any CPU
		{F7B1BDE4-D61A-40AA-B376-5700CDC6B70A}.Debug|iPhoneSimulator.Build.0 = Debug|Any CPU
		{F7B1BDE4-D61A-40AA-B376-5700CDC6B70A}.Release|Any CPU.ActiveCfg = Release|Any CPU
		{F7B1BDE4-D61A-40AA-B376-5700CDC6B70A}.Release|Any CPU.Build.0 = Release|Any CPU
		{F7B1BDE4-D61A-40AA-B376-5700CDC6B70A}.Release|iPhone.ActiveCfg = Release|Any CPU
		{F7B1BDE4-D61A-40AA-B376-5700CDC6B70A}.Release|iPhone.Build.0 = Release|Any CPU
		{F7B1BDE4-D61A-40AA-B376-5700CDC6B70A}.Release|iPhoneSimulator.ActiveCfg = Release|Any CPU
		{F7B1BDE4-D61A-40AA-B376-5700CDC6B70A}.Release|iPhoneSimulator.Build.0 = Release|Any CPU
		{07C37F8B-E9E3-4A0E-813B-1C70670D6D4F}.Debug noth|Any CPU.ActiveCfg = Debug noth|Any CPU
		{07C37F8B-E9E3-4A0E-813B-1C70670D6D4F}.Debug noth|Any CPU.Build.0 = Debug noth|Any CPU
		{07C37F8B-E9E3-4A0E-813B-1C70670D6D4F}.Debug noth|iPhone.ActiveCfg = Debug noth|Any CPU
		{07C37F8B-E9E3-4A0E-813B-1C70670D6D4F}.Debug noth|iPhone.Build.0 = Debug noth|Any CPU
		{07C37F8B-E9E3-4A0E-813B-1C70670D6D4F}.Debug noth|iPhoneSimulator.ActiveCfg = Debug noth|Any CPU
		{07C37F8B-E9E3-4A0E-813B-1C70670D6D4F}.Debug noth|iPhoneSimulator.Build.0 = Debug noth|Any CPU
		{07C37F8B-E9E3-4A0E-813B-1C70670D6D4F}.Debug|Any CPU.ActiveCfg = Debug|Any CPU
		{07C37F8B-E9E3-4A0E-813B-1C70670D6D4F}.Debug|Any CPU.Build.0 = Debug|Any CPU
		{07C37F8B-E9E3-4A0E-813B-1C70670D6D4F}.Debug|iPhone.ActiveCfg = Debug|Any CPU
		{07C37F8B-E9E3-4A0E-813B-1C70670D6D4F}.Debug|iPhone.Build.0 = Debug|Any CPU
		{07C37F8B-E9E3-4A0E-813B-1C70670D6D4F}.Debug|iPhoneSimulator.ActiveCfg = Debug|Any CPU
		{07C37F8B-E9E3-4A0E-813B-1C70670D6D4F}.Debug|iPhoneSimulator.Build.0 = Debug|Any CPU
		{07C37F8B-E9E3-4A0E-813B-1C70670D6D4F}.Release|Any CPU.ActiveCfg = Release|Any CPU
		{07C37F8B-E9E3-4A0E-813B-1C70670D6D4F}.Release|Any CPU.Build.0 = Release|Any CPU
		{07C37F8B-E9E3-4A0E-813B-1C70670D6D4F}.Release|iPhone.ActiveCfg = Release|Any CPU
		{07C37F8B-E9E3-4A0E-813B-1C70670D6D4F}.Release|iPhone.Build.0 = Release|Any CPU
		{07C37F8B-E9E3-4A0E-813B-1C70670D6D4F}.Release|iPhoneSimulator.ActiveCfg = Release|Any CPU
		{07C37F8B-E9E3-4A0E-813B-1C70670D6D4F}.Release|iPhoneSimulator.Build.0 = Release|Any CPU
		{8CFF9972-1F7E-4338-A340-97D354AB87ED}.Debug noth|Any CPU.ActiveCfg = Debug noth|Any CPU
		{8CFF9972-1F7E-4338-A340-97D354AB87ED}.Debug noth|Any CPU.Build.0 = Debug noth|Any CPU
		{8CFF9972-1F7E-4338-A340-97D354AB87ED}.Debug noth|iPhone.ActiveCfg = Debug noth|Any CPU
		{8CFF9972-1F7E-4338-A340-97D354AB87ED}.Debug noth|iPhone.Build.0 = Debug noth|Any CPU
		{8CFF9972-1F7E-4338-A340-97D354AB87ED}.Debug noth|iPhoneSimulator.ActiveCfg = Debug noth|Any CPU
		{8CFF9972-1F7E-4338-A340-97D354AB87ED}.Debug noth|iPhoneSimulator.Build.0 = Debug noth|Any CPU
		{8CFF9972-1F7E-4338-A340-97D354AB87ED}.Debug|Any CPU.ActiveCfg = Debug|Any CPU
		{8CFF9972-1F7E-4338-A340-97D354AB87ED}.Debug|Any CPU.Build.0 = Debug|Any CPU
		{8CFF9972-1F7E-4338-A340-97D354AB87ED}.Debug|iPhone.ActiveCfg = Debug|Any CPU
		{8CFF9972-1F7E-4338-A340-97D354AB87ED}.Debug|iPhone.Build.0 = Debug|Any CPU
		{8CFF9972-1F7E-4338-A340-97D354AB87ED}.Debug|iPhoneSimulator.ActiveCfg = Debug|Any CPU
		{8CFF9972-1F7E-4338-A340-97D354AB87ED}.Debug|iPhoneSimulator.Build.0 = Debug|Any CPU
		{8CFF9972-1F7E-4338-A340-97D354AB87ED}.Release|Any CPU.ActiveCfg = Release|Any CPU
		{8CFF9972-1F7E-4338-A340-97D354AB87ED}.Release|Any CPU.Build.0 = Release|Any CPU
		{8CFF9972-1F7E-4338-A340-97D354AB87ED}.Release|iPhone.ActiveCfg = Release|Any CPU
		{8CFF9972-1F7E-4338-A340-97D354AB87ED}.Release|iPhone.Build.0 = Release|Any CPU
		{8CFF9972-1F7E-4338-A340-97D354AB87ED}.Release|iPhoneSimulator.ActiveCfg = Release|Any CPU
		{8CFF9972-1F7E-4338-A340-97D354AB87ED}.Release|iPhoneSimulator.Build.0 = Release|Any CPU
		{546D62B1-C294-4BB8-84EC-7A8F04AF740F}.Debug noth|Any CPU.ActiveCfg = Debug|Any CPU
		{546D62B1-C294-4BB8-84EC-7A8F04AF740F}.Debug noth|iPhone.ActiveCfg = Debug|Any CPU
		{546D62B1-C294-4BB8-84EC-7A8F04AF740F}.Debug noth|iPhoneSimulator.ActiveCfg = Debug|Any CPU
		{546D62B1-C294-4BB8-84EC-7A8F04AF740F}.Debug|Any CPU.ActiveCfg = Debug|Any CPU
		{546D62B1-C294-4BB8-84EC-7A8F04AF740F}.Debug|Any CPU.Build.0 = Debug|Any CPU
		{546D62B1-C294-4BB8-84EC-7A8F04AF740F}.Debug|Any CPU.Deploy.0 = Debug|Any CPU
		{546D62B1-C294-4BB8-84EC-7A8F04AF740F}.Debug|iPhone.ActiveCfg = Debug|Any CPU
		{546D62B1-C294-4BB8-84EC-7A8F04AF740F}.Debug|iPhone.Build.0 = Debug|Any CPU
		{546D62B1-C294-4BB8-84EC-7A8F04AF740F}.Debug|iPhone.Deploy.0 = Debug|Any CPU
		{546D62B1-C294-4BB8-84EC-7A8F04AF740F}.Debug|iPhoneSimulator.ActiveCfg = Debug|Any CPU
		{546D62B1-C294-4BB8-84EC-7A8F04AF740F}.Debug|iPhoneSimulator.Build.0 = Debug|Any CPU
		{546D62B1-C294-4BB8-84EC-7A8F04AF740F}.Debug|iPhoneSimulator.Deploy.0 = Debug|Any CPU
		{546D62B1-C294-4BB8-84EC-7A8F04AF740F}.Release|Any CPU.ActiveCfg = Release|Any CPU
		{546D62B1-C294-4BB8-84EC-7A8F04AF740F}.Release|Any CPU.Build.0 = Release|Any CPU
		{546D62B1-C294-4BB8-84EC-7A8F04AF740F}.Release|Any CPU.Deploy.0 = Release|Any CPU
		{546D62B1-C294-4BB8-84EC-7A8F04AF740F}.Release|iPhone.ActiveCfg = Release|Any CPU
		{546D62B1-C294-4BB8-84EC-7A8F04AF740F}.Release|iPhone.Build.0 = Release|Any CPU
		{546D62B1-C294-4BB8-84EC-7A8F04AF740F}.Release|iPhone.Deploy.0 = Release|Any CPU
		{546D62B1-C294-4BB8-84EC-7A8F04AF740F}.Release|iPhoneSimulator.ActiveCfg = Release|Any CPU
		{546D62B1-C294-4BB8-84EC-7A8F04AF740F}.Release|iPhoneSimulator.Build.0 = Release|Any CPU
		{546D62B1-C294-4BB8-84EC-7A8F04AF740F}.Release|iPhoneSimulator.Deploy.0 = Release|Any CPU
		{7558A726-9AF2-4CD2-8440-2FE06B1CC6F2}.Debug noth|Any CPU.ActiveCfg = Release|iPhone
		{7558A726-9AF2-4CD2-8440-2FE06B1CC6F2}.Debug noth|iPhone.ActiveCfg = Debug|iPhone
		{7558A726-9AF2-4CD2-8440-2FE06B1CC6F2}.Debug noth|iPhoneSimulator.ActiveCfg = Debug|iPhoneSimulator
		{7558A726-9AF2-4CD2-8440-2FE06B1CC6F2}.Debug|Any CPU.ActiveCfg = Debug|iPhoneSimulator
		{7558A726-9AF2-4CD2-8440-2FE06B1CC6F2}.Debug|iPhone.ActiveCfg = Debug|iPhone
		{7558A726-9AF2-4CD2-8440-2FE06B1CC6F2}.Debug|iPhone.Build.0 = Debug|iPhone
		{7558A726-9AF2-4CD2-8440-2FE06B1CC6F2}.Debug|iPhoneSimulator.ActiveCfg = Debug|iPhoneSimulator
		{7558A726-9AF2-4CD2-8440-2FE06B1CC6F2}.Debug|iPhoneSimulator.Build.0 = Debug|iPhoneSimulator
		{7558A726-9AF2-4CD2-8440-2FE06B1CC6F2}.Release|Any CPU.ActiveCfg = Release|iPhoneSimulator
		{7558A726-9AF2-4CD2-8440-2FE06B1CC6F2}.Release|iPhone.ActiveCfg = Release|iPhone
		{7558A726-9AF2-4CD2-8440-2FE06B1CC6F2}.Release|iPhone.Build.0 = Release|iPhone
		{7558A726-9AF2-4CD2-8440-2FE06B1CC6F2}.Release|iPhoneSimulator.ActiveCfg = Release|iPhoneSimulator
		{7558A726-9AF2-4CD2-8440-2FE06B1CC6F2}.Release|iPhoneSimulator.Build.0 = Release|iPhoneSimulator
		{FDDA3175-CE41-4D48-BE61-9B9C3FA3ECC0}.Debug noth|Any CPU.ActiveCfg = Debug|Any CPU
		{FDDA3175-CE41-4D48-BE61-9B9C3FA3ECC0}.Debug noth|iPhone.ActiveCfg = Debug|Any CPU
		{FDDA3175-CE41-4D48-BE61-9B9C3FA3ECC0}.Debug noth|iPhoneSimulator.ActiveCfg = Debug|Any CPU
		{FDDA3175-CE41-4D48-BE61-9B9C3FA3ECC0}.Debug|Any CPU.ActiveCfg = Debug|Any CPU
		{FDDA3175-CE41-4D48-BE61-9B9C3FA3ECC0}.Debug|Any CPU.Build.0 = Debug|Any CPU
		{FDDA3175-CE41-4D48-BE61-9B9C3FA3ECC0}.Debug|iPhone.ActiveCfg = Debug|Any CPU
		{FDDA3175-CE41-4D48-BE61-9B9C3FA3ECC0}.Debug|iPhone.Build.0 = Debug|Any CPU
		{FDDA3175-CE41-4D48-BE61-9B9C3FA3ECC0}.Debug|iPhoneSimulator.ActiveCfg = Debug|Any CPU
		{FDDA3175-CE41-4D48-BE61-9B9C3FA3ECC0}.Debug|iPhoneSimulator.Build.0 = Debug|Any CPU
		{FDDA3175-CE41-4D48-BE61-9B9C3FA3ECC0}.Release|Any CPU.ActiveCfg = Release|Any CPU
		{FDDA3175-CE41-4D48-BE61-9B9C3FA3ECC0}.Release|Any CPU.Build.0 = Release|Any CPU
		{FDDA3175-CE41-4D48-BE61-9B9C3FA3ECC0}.Release|iPhone.ActiveCfg = Release|Any CPU
		{FDDA3175-CE41-4D48-BE61-9B9C3FA3ECC0}.Release|iPhone.Build.0 = Release|Any CPU
		{FDDA3175-CE41-4D48-BE61-9B9C3FA3ECC0}.Release|iPhoneSimulator.ActiveCfg = Release|Any CPU
		{FDDA3175-CE41-4D48-BE61-9B9C3FA3ECC0}.Release|iPhoneSimulator.Build.0 = Release|Any CPU
		{BB47572E-A08B-4029-B78C-6B48BE4F364C}.Debug noth|Any CPU.ActiveCfg = Debug|Any CPU
		{BB47572E-A08B-4029-B78C-6B48BE4F364C}.Debug noth|iPhone.ActiveCfg = Debug|Any CPU
		{BB47572E-A08B-4029-B78C-6B48BE4F364C}.Debug noth|iPhoneSimulator.ActiveCfg = Debug|Any CPU
		{BB47572E-A08B-4029-B78C-6B48BE4F364C}.Debug|Any CPU.ActiveCfg = Debug|Any CPU
		{BB47572E-A08B-4029-B78C-6B48BE4F364C}.Debug|Any CPU.Build.0 = Debug|Any CPU
		{BB47572E-A08B-4029-B78C-6B48BE4F364C}.Debug|iPhone.ActiveCfg = Debug|Any CPU
		{BB47572E-A08B-4029-B78C-6B48BE4F364C}.Debug|iPhone.Build.0 = Debug|Any CPU
		{BB47572E-A08B-4029-B78C-6B48BE4F364C}.Debug|iPhoneSimulator.ActiveCfg = Debug|Any CPU
		{BB47572E-A08B-4029-B78C-6B48BE4F364C}.Debug|iPhoneSimulator.Build.0 = Debug|Any CPU
		{BB47572E-A08B-4029-B78C-6B48BE4F364C}.Release|Any CPU.ActiveCfg = Release|Any CPU
		{BB47572E-A08B-4029-B78C-6B48BE4F364C}.Release|Any CPU.Build.0 = Release|Any CPU
		{BB47572E-A08B-4029-B78C-6B48BE4F364C}.Release|iPhone.ActiveCfg = Release|Any CPU
		{BB47572E-A08B-4029-B78C-6B48BE4F364C}.Release|iPhone.Build.0 = Release|Any CPU
		{BB47572E-A08B-4029-B78C-6B48BE4F364C}.Release|iPhoneSimulator.ActiveCfg = Release|Any CPU
		{BB47572E-A08B-4029-B78C-6B48BE4F364C}.Release|iPhoneSimulator.Build.0 = Release|Any CPU
	EndGlobalSection
	GlobalSection(SolutionProperties) = preSolution
		HideSolutionNode = FALSE
	EndGlobalSection
	GlobalSection(NestedProjects) = preSolution
		{ECA5B19F-EABA-4271-9254-AD3B7CB9C6B8} = {5ECE176D-5C2A-4C72-BDC0-59AB350A4FC1}
		{FAEC3A05-3D51-4708-BE54-42C5A113F381} = {5ECE176D-5C2A-4C72-BDC0-59AB350A4FC1}
		{2228B1DE-AEFE-4587-93B7-F105A783FA13} = {5ECE176D-5C2A-4C72-BDC0-59AB350A4FC1}
		{24AB5F31-C1C0-4255-A1C0-F9C9D130A34B} = {95417E7B-A01F-44E4-96F5-4860B858B987}
		{2F4BC5BA-693D-4400-9B59-DC77FFBB0472} = {95417E7B-A01F-44E4-96F5-4860B858B987}
		{691393E4-7C9E-41CD-BBB9-152C648921E8} = {95417E7B-A01F-44E4-96F5-4860B858B987}
		{217C3F22-A04F-453E-BB27-1162CA0AE062} = {5ECE176D-5C2A-4C72-BDC0-59AB350A4FC1}
		{A223D2DE-CDF2-4781-A4D1-CE4761979EBA} = {5ECE176D-5C2A-4C72-BDC0-59AB350A4FC1}
		{F7B1BDE4-D61A-40AA-B376-5700CDC6B70A} = {7AE9E8A3-36D1-4F9B-8AD4-ECF2CE5C4C0F}
		{07C37F8B-E9E3-4A0E-813B-1C70670D6D4F} = {7AE9E8A3-36D1-4F9B-8AD4-ECF2CE5C4C0F}
		{8CFF9972-1F7E-4338-A340-97D354AB87ED} = {7AE9E8A3-36D1-4F9B-8AD4-ECF2CE5C4C0F}
		{546D62B1-C294-4BB8-84EC-7A8F04AF740F} = {D22D6ECA-05CE-4B83-B5F0-566D2187178B}
		{7558A726-9AF2-4CD2-8440-2FE06B1CC6F2} = {D22D6ECA-05CE-4B83-B5F0-566D2187178B}
		{FDDA3175-CE41-4D48-BE61-9B9C3FA3ECC0} = {D22D6ECA-05CE-4B83-B5F0-566D2187178B}
		{BB47572E-A08B-4029-B78C-6B48BE4F364C} = {D22D6ECA-05CE-4B83-B5F0-566D2187178B}
	EndGlobalSection
	GlobalSection(ExtensibilityGlobals) = postSolution
		SolutionGuid = {B0A1AEED-1A5C-411E-B1F4-6999F79BF0F5}
	EndGlobalSection
EndGlobal
